
Microsoft Visual Studio Solution File, Format Version 12.00
# Visual Studio Version 17
VisualStudioVersion = 17.8.34316.72
MinimumVisualStudioVersion = 10.0.40219.1
Project("{FAE04EC0-301F-11D3-BF4B-00C04F79EFBC}") = "WinFormsApp2", "WinFormsApp2\WinFormsApp2.csproj", "{CAC82AB1-83A1-4655-BB6D-824E9D4EE399}"
EndProject
Global
	GlobalSection(SolutionConfigurationPlatforms) = preSolution
		Debug|Any CPU = Debug|Any CPU
		Release|Any CPU = Release|Any CPU
	EndGlobalSection
	GlobalSection(ProjectConfigurationPlatforms) = postSolution
		{CAC82AB1-83A1-4655-BB6D-824E9D4EE399}.Debug|Any CPU.ActiveCfg = Debug|Any CPU
		{CAC82AB1-83A1-4655-BB6D-824E9D4EE399}.Debug|Any CPU.Build.0 = Debug|Any CPU
		{CAC82AB1-83A1-4655-BB6D-824E9D4EE399}.Release|Any CPU.ActiveCfg = Release|Any CPU
		{CAC82AB1-83A1-4655-BB6D-824E9D4EE399}.Release|Any CPU.Build.0 = Release|Any CPU
	EndGlobalSection
	GlobalSection(SolutionProperties) = preSolution
		HideSolutionNode = FALSE
	EndGlobalSection
	GlobalSection(ExtensibilityGlobals) = postSolution
		SolutionGuid = {13CCF480-BE32-409D-AA21-D3DB63B17573}
	EndGlobalSection
EndGlobal
